// !$*UTF8*$!
{
	archiveVersion = 1;
	classes = {
	};
	objectVersion = 50;
	objects = {

/* Begin PBXBuildFile section */
		F4F881A325D3B16900D10A81 /* AppDelegate.swift in Sources */ = {isa = PBXBuildFile; fileRef = F4F881A225D3B16900D10A81 /* AppDelegate.swift */; };
		F4F881A625D3B16900D10A81 /* Main.storyboard in Resources */ = {isa = PBXBuildFile; fileRef = F4F881A425D3B16900D10A81 /* Main.storyboard */; };
		F4F881A825D3B16900D10A81 /* ViewController.swift in Sources */ = {isa = PBXBuildFile; fileRef = F4F881A725D3B16900D10A81 /* ViewController.swift */; };
		F4F881AA25D3B16B00D10A81 /* Assets.xcassets in Resources */ = {isa = PBXBuildFile; fileRef = F4F881A925D3B16B00D10A81 /* Assets.xcassets */; };
		F4F881B125D3B16B00D10A81 /* Q Extension.appex in Embed App Extensions */ = {isa = PBXBuildFile; fileRef = F4F881B025D3B16B00D10A81 /* Q Extension.appex */; settings = {ATTRIBUTES = (RemoveHeadersOnCopy, ); }; };
		F4F881B625D3B16B00D10A81 /* Cocoa.framework in Frameworks */ = {isa = PBXBuildFile; fileRef = F4F881B525D3B16B00D10A81 /* Cocoa.framework */; };
		F4F881B925D3B16B00D10A81 /* SafariWebExtensionHandler.swift in Sources */ = {isa = PBXBuildFile; fileRef = F4F881B825D3B16B00D10A81 /* SafariWebExtensionHandler.swift */; };
		F4F881CC25D3B16C00D10A81 /* pop.html in Resources */ = {isa = PBXBuildFile; fileRef = F4F881C625D3B16C00D10A81 /* pop.html */; };
		F4F881CD25D3B16C00D10A81 /* background.js in Resources */ = {isa = PBXBuildFile; fileRef = F4F881C725D3B16C00D10A81 /* background.js */; };
		F4F881CE25D3B16C00D10A81 /* styles in Resources */ = {isa = PBXBuildFile; fileRef = F4F881C825D3B16C00D10A81 /* styles */; };
		F4F881CF25D3B16C00D10A81 /* scripts in Resources */ = {isa = PBXBuildFile; fileRef = F4F881C925D3B16C00D10A81 /* scripts */; };
		F4F881D025D3B16C00D10A81 /* manifest.json in Resources */ = {isa = PBXBuildFile; fileRef = F4F881CA25D3B16C00D10A81 /* manifest.json */; };
		F4F881D125D3B16C00D10A81 /* assets in Resources */ = {isa = PBXBuildFile; fileRef = F4F881CB25D3B16C00D10A81 /* assets */; };
/* End PBXBuildFile section */

/* Begin PBXContainerItemProxy section */
		F4F881B225D3B16B00D10A81 /* PBXContainerItemProxy */ = {
			isa = PBXContainerItemProxy;
			containerPortal = F4F8819625D3B16900D10A81 /* Project object */;
			proxyType = 1;
			remoteGlobalIDString = F4F881AF25D3B16B00D10A81;
			remoteInfo = "Q Extension";
		};
/* End PBXContainerItemProxy section */

/* Begin PBXCopyFilesBuildPhase section */
		F4F881C125D3B16B00D10A81 /* Embed App Extensions */ = {
			isa = PBXCopyFilesBuildPhase;
			buildActionMask = 2147483647;
			dstPath = "";
			dstSubfolderSpec = 13;
			files = (
				F4F881B125D3B16B00D10A81 /* Q Extension.appex in Embed App Extensions */,
			);
			name = "Embed App Extensions";
			runOnlyForDeploymentPostprocessing = 0;
		};
/* End PBXCopyFilesBuildPhase section */

/* Begin PBXFileReference section */
		F4F8819E25D3B16900D10A81 /* Q.app */ = {isa = PBXFileReference; explicitFileType = wrapper.application; includeInIndex = 0; path = Q.app; sourceTree = BUILT_PRODUCTS_DIR; };
		F4F881A125D3B16900D10A81 /* Q.entitlements */ = {isa = PBXFileReference; lastKnownFileType = text.plist.entitlements; path = Q.entitlements; sourceTree = "<group>"; };
		F4F881A225D3B16900D10A81 /* AppDelegate.swift */ = {isa = PBXFileReference; lastKnownFileType = sourcecode.swift; path = AppDelegate.swift; sourceTree = "<group>"; };
		F4F881A525D3B16900D10A81 /* Base */ = {isa = PBXFileReference; lastKnownFileType = file.storyboard; name = Base; path = Base.lproj/Main.storyboard; sourceTree = "<group>"; };
		F4F881A725D3B16900D10A81 /* ViewController.swift */ = {isa = PBXFileReference; lastKnownFileType = sourcecode.swift; path = ViewController.swift; sourceTree = "<group>"; };
		F4F881A925D3B16B00D10A81 /* Assets.xcassets */ = {isa = PBXFileReference; lastKnownFileType = folder.assetcatalog; path = Assets.xcassets; sourceTree = "<group>"; };
		F4F881AB25D3B16B00D10A81 /* Info.plist */ = {isa = PBXFileReference; lastKnownFileType = text.plist.xml; path = Info.plist; sourceTree = "<group>"; };
		F4F881B025D3B16B00D10A81 /* Q Extension.appex */ = {isa = PBXFileReference; explicitFileType = "wrapper.app-extension"; includeInIndex = 0; path = "Q Extension.appex"; sourceTree = BUILT_PRODUCTS_DIR; };
		F4F881B525D3B16B00D10A81 /* Cocoa.framework */ = {isa = PBXFileReference; lastKnownFileType = wrapper.framework; name = Cocoa.framework; path = System/Library/Frameworks/Cocoa.framework; sourceTree = SDKROOT; };
		F4F881B825D3B16B00D10A81 /* SafariWebExtensionHandler.swift */ = {isa = PBXFileReference; lastKnownFileType = sourcecode.swift; path = SafariWebExtensionHandler.swift; sourceTree = "<group>"; };
		F4F881BA25D3B16B00D10A81 /* Info.plist */ = {isa = PBXFileReference; lastKnownFileType = text.plist.xml; path = Info.plist; sourceTree = "<group>"; };
		F4F881BB25D3B16B00D10A81 /* Q_Extension.entitlements */ = {isa = PBXFileReference; lastKnownFileType = text.plist.entitlements; path = Q_Extension.entitlements; sourceTree = "<group>"; };
		F4F881C625D3B16C00D10A81 /* pop.html */ = {isa = PBXFileReference; lastKnownFileType = text.html; name = pop.html; path = ../../Quartermaster/pop.html; sourceTree = "<group>"; };
		F4F881C725D3B16C00D10A81 /* background.js */ = {isa = PBXFileReference; lastKnownFileType = sourcecode.javascript; name = background.js; path = ../../Quartermaster/background.js; sourceTree = "<group>"; };
		F4F881C825D3B16C00D10A81 /* styles */ = {isa = PBXFileReference; lastKnownFileType = folder; name = styles; path = ../../Quartermaster/styles; sourceTree = "<group>"; };
		F4F881C925D3B16C00D10A81 /* scripts */ = {isa = PBXFileReference; lastKnownFileType = folder; name = scripts; path = ../../Quartermaster/scripts; sourceTree = "<group>"; };
		F4F881CA25D3B16C00D10A81 /* manifest.json */ = {isa = PBXFileReference; lastKnownFileType = text.json; name = manifest.json; path = ../../Quartermaster/manifest.json; sourceTree = "<group>"; };
		F4F881CB25D3B16C00D10A81 /* assets */ = {isa = PBXFileReference; lastKnownFileType = folder; name = assets; path = ../../Quartermaster/assets; sourceTree = "<group>"; };
/* End PBXFileReference section */

/* Begin PBXFrameworksBuildPhase section */
		F4F8819B25D3B16900D10A81 /* Frameworks */ = {
			isa = PBXFrameworksBuildPhase;
			buildActionMask = 2147483647;
			files = (
			);
			runOnlyForDeploymentPostprocessing = 0;
		};
		F4F881AD25D3B16B00D10A81 /* Frameworks */ = {
			isa = PBXFrameworksBuildPhase;
			buildActionMask = 2147483647;
			files = (
				F4F881B625D3B16B00D10A81 /* Cocoa.framework in Frameworks */,
			);
			runOnlyForDeploymentPostprocessing = 0;
		};
/* End PBXFrameworksBuildPhase section */

/* Begin PBXGroup section */
		F4F8819525D3B16900D10A81 = {
			isa = PBXGroup;
			children = (
				F4F881A025D3B16900D10A81 /* Q */,
				F4F881B725D3B16B00D10A81 /* Q Extension */,
				F4F881B425D3B16B00D10A81 /* Frameworks */,
				F4F8819F25D3B16900D10A81 /* Products */,
			);
			sourceTree = "<group>";
		};
		F4F8819F25D3B16900D10A81 /* Products */ = {
			isa = PBXGroup;
			children = (
				F4F8819E25D3B16900D10A81 /* Q.app */,
				F4F881B025D3B16B00D10A81 /* Q Extension.appex */,
			);
			name = Products;
			sourceTree = "<group>";
		};
		F4F881A025D3B16900D10A81 /* Q */ = {
			isa = PBXGroup;
			children = (
				F4F881A125D3B16900D10A81 /* Q.entitlements */,
				F4F881A225D3B16900D10A81 /* AppDelegate.swift */,
				F4F881A425D3B16900D10A81 /* Main.storyboard */,
				F4F881A725D3B16900D10A81 /* ViewController.swift */,
				F4F881A925D3B16B00D10A81 /* Assets.xcassets */,
				F4F881AB25D3B16B00D10A81 /* Info.plist */,
			);
			path = Q;
			sourceTree = "<group>";
		};
		F4F881B425D3B16B00D10A81 /* Frameworks */ = {
			isa = PBXGroup;
			children = (
				F4F881B525D3B16B00D10A81 /* Cocoa.framework */,
			);
			name = Frameworks;
			sourceTree = "<group>";
		};
		F4F881B725D3B16B00D10A81 /* Q Extension */ = {
			isa = PBXGroup;
			children = (
				F4F881C525D3B16C00D10A81 /* Resources */,
				F4F881B825D3B16B00D10A81 /* SafariWebExtensionHandler.swift */,
				F4F881BA25D3B16B00D10A81 /* Info.plist */,
				F4F881BB25D3B16B00D10A81 /* Q_Extension.entitlements */,
			);
			path = "Q Extension";
			sourceTree = "<group>";
		};
		F4F881C525D3B16C00D10A81 /* Resources */ = {
			isa = PBXGroup;
			children = (
				F4F881C625D3B16C00D10A81 /* pop.html */,
				F4F881C725D3B16C00D10A81 /* background.js */,
				F4F881C825D3B16C00D10A81 /* styles */,
				F4F881C925D3B16C00D10A81 /* scripts */,
				F4F881CA25D3B16C00D10A81 /* manifest.json */,
				F4F881CB25D3B16C00D10A81 /* assets */,
			);
			name = Resources;
			path = "Q Extension";
			sourceTree = SOURCE_ROOT;
		};
/* End PBXGroup section */

/* Begin PBXNativeTarget section */
		F4F8819D25D3B16900D10A81 /* Q */ = {
			isa = PBXNativeTarget;
			buildConfigurationList = F4F881C225D3B16B00D10A81 /* Build configuration list for PBXNativeTarget "Q" */;
			buildPhases = (
				F4F8819A25D3B16900D10A81 /* Sources */,
				F4F8819B25D3B16900D10A81 /* Frameworks */,
				F4F8819C25D3B16900D10A81 /* Resources */,
				F4F881C125D3B16B00D10A81 /* Embed App Extensions */,
			);
			buildRules = (
			);
			dependencies = (
				F4F881B325D3B16B00D10A81 /* PBXTargetDependency */,
			);
			name = Q;
			productName = Q;
			productReference = F4F8819E25D3B16900D10A81 /* Q.app */;
			productType = "com.apple.product-type.application";
		};
		F4F881AF25D3B16B00D10A81 /* Q Extension */ = {
			isa = PBXNativeTarget;
			buildConfigurationList = F4F881BE25D3B16B00D10A81 /* Build configuration list for PBXNativeTarget "Q Extension" */;
			buildPhases = (
				F4F881AC25D3B16B00D10A81 /* Sources */,
				F4F881AD25D3B16B00D10A81 /* Frameworks */,
				F4F881AE25D3B16B00D10A81 /* Resources */,
			);
			buildRules = (
			);
			dependencies = (
			);
			name = "Q Extension";
			productName = "Q Extension";
			productReference = F4F881B025D3B16B00D10A81 /* Q Extension.appex */;
			productType = "com.apple.product-type.app-extension";
		};
/* End PBXNativeTarget section */

/* Begin PBXProject section */
		F4F8819625D3B16900D10A81 /* Project object */ = {
			isa = PBXProject;
			attributes = {
				LastSwiftUpdateCheck = 1240;
				LastUpgradeCheck = 1240;
				TargetAttributes = {
					F4F8819D25D3B16900D10A81 = {
						CreatedOnToolsVersion = 12.4;
					};
					F4F881AF25D3B16B00D10A81 = {
						CreatedOnToolsVersion = 12.4;
					};
				};
			};
			buildConfigurationList = F4F8819925D3B16900D10A81 /* Build configuration list for PBXProject "Q" */;
			compatibilityVersion = "Xcode 9.3";
			developmentRegion = en;
			hasScannedForEncodings = 0;
			knownRegions = (
				en,
				Base,
			);
			mainGroup = F4F8819525D3B16900D10A81;
			productRefGroup = F4F8819F25D3B16900D10A81 /* Products */;
			projectDirPath = "";
			projectRoot = "";
			targets = (
				F4F8819D25D3B16900D10A81 /* Q */,
				F4F881AF25D3B16B00D10A81 /* Q Extension */,
			);
		};
/* End PBXProject section */

/* Begin PBXResourcesBuildPhase section */
		F4F8819C25D3B16900D10A81 /* Resources */ = {
			isa = PBXResourcesBuildPhase;
			buildActionMask = 2147483647;
			files = (
				F4F881AA25D3B16B00D10A81 /* Assets.xcassets in Resources */,
				F4F881A625D3B16900D10A81 /* Main.storyboard in Resources */,
			);
			runOnlyForDeploymentPostprocessing = 0;
		};
		F4F881AE25D3B16B00D10A81 /* Resources */ = {
			isa = PBXResourcesBuildPhase;
			buildActionMask = 2147483647;
			files = (
				F4F881CD25D3B16C00D10A81 /* background.js in Resources */,
				F4F881CE25D3B16C00D10A81 /* styles in Resources */,
				F4F881D025D3B16C00D10A81 /* manifest.json in Resources */,
				F4F881D125D3B16C00D10A81 /* assets in Resources */,
				F4F881CC25D3B16C00D10A81 /* pop.html in Resources */,
				F4F881CF25D3B16C00D10A81 /* scripts in Resources */,
			);
			runOnlyForDeploymentPostprocessing = 0;
		};
/* End PBXResourcesBuildPhase section */

/* Begin PBXSourcesBuildPhase section */
		F4F8819A25D3B16900D10A81 /* Sources */ = {
			isa = PBXSourcesBuildPhase;
			buildActionMask = 2147483647;
			files = (
				F4F881A825D3B16900D10A81 /* ViewController.swift in Sources */,
				F4F881A325D3B16900D10A81 /* AppDelegate.swift in Sources */,
			);
			runOnlyForDeploymentPostprocessing = 0;
		};
		F4F881AC25D3B16B00D10A81 /* Sources */ = {
			isa = PBXSourcesBuildPhase;
			buildActionMask = 2147483647;
			files = (
				F4F881B925D3B16B00D10A81 /* SafariWebExtensionHandler.swift in Sources */,
			);
			runOnlyForDeploymentPostprocessing = 0;
		};
/* End PBXSourcesBuildPhase section */

/* Begin PBXTargetDependency section */
		F4F881B325D3B16B00D10A81 /* PBXTargetDependency */ = {
			isa = PBXTargetDependency;
			target = F4F881AF25D3B16B00D10A81 /* Q Extension */;
			targetProxy = F4F881B225D3B16B00D10A81 /* PBXContainerItemProxy */;
		};
/* End PBXTargetDependency section */

/* Begin PBXVariantGroup section */
		F4F881A425D3B16900D10A81 /* Main.storyboard */ = {
			isa = PBXVariantGroup;
			children = (
				F4F881A525D3B16900D10A81 /* Base */,
			);
			name = Main.storyboard;
			sourceTree = "<group>";
		};
/* End PBXVariantGroup section */

/* Begin XCBuildConfiguration section */
		F4F881BC25D3B16B00D10A81 /* Debug */ = {
			isa = XCBuildConfiguration;
			buildSettings = {
				ALWAYS_SEARCH_USER_PATHS = NO;
				CLANG_ANALYZER_NONNULL = YES;
				CLANG_ANALYZER_NUMBER_OBJECT_CONVERSION = YES_AGGRESSIVE;
				CLANG_CXX_LANGUAGE_STANDARD = "gnu++14";
				CLANG_CXX_LIBRARY = "libc++";
				CLANG_ENABLE_MODULES = YES;
				CLANG_ENABLE_OBJC_ARC = YES;
				CLANG_ENABLE_OBJC_WEAK = YES;
				CLANG_WARN_BLOCK_CAPTURE_AUTORELEASING = YES;
				CLANG_WARN_BOOL_CONVERSION = YES;
				CLANG_WARN_COMMA = YES;
				CLANG_WARN_CONSTANT_CONVERSION = YES;
				CLANG_WARN_DEPRECATED_OBJC_IMPLEMENTATIONS = YES;
				CLANG_WARN_DIRECT_OBJC_ISA_USAGE = YES_ERROR;
				CLANG_WARN_DOCUMENTATION_COMMENTS = YES;
				CLANG_WARN_EMPTY_BODY = YES;
				CLANG_WARN_ENUM_CONVERSION = YES;
				CLANG_WARN_INFINITE_RECURSION = YES;
				CLANG_WARN_INT_CONVERSION = YES;
				CLANG_WARN_NON_LITERAL_NULL_CONVERSION = YES;
				CLANG_WARN_OBJC_IMPLICIT_RETAIN_SELF = YES;
				CLANG_WARN_OBJC_LITERAL_CONVERSION = YES;
				CLANG_WARN_OBJC_ROOT_CLASS = YES_ERROR;
				CLANG_WARN_QUOTED_INCLUDE_IN_FRAMEWORK_HEADER = YES;
				CLANG_WARN_RANGE_LOOP_ANALYSIS = YES;
				CLANG_WARN_STRICT_PROTOTYPES = YES;
				CLANG_WARN_SUSPICIOUS_MOVE = YES;
				CLANG_WARN_UNGUARDED_AVAILABILITY = YES_AGGRESSIVE;
				CLANG_WARN_UNREACHABLE_CODE = YES;
				CLANG_WARN__DUPLICATE_METHOD_MATCH = YES;
				COPY_PHASE_STRIP = NO;
				DEBUG_INFORMATION_FORMAT = dwarf;
				ENABLE_STRICT_OBJC_MSGSEND = YES;
				ENABLE_TESTABILITY = YES;
				GCC_C_LANGUAGE_STANDARD = gnu11;
				GCC_DYNAMIC_NO_PIC = NO;
				GCC_NO_COMMON_BLOCKS = YES;
				GCC_OPTIMIZATION_LEVEL = 0;
				GCC_PREPROCESSOR_DEFINITIONS = (
					"DEBUG=1",
					"$(inherited)",
				);
				GCC_WARN_64_TO_32_BIT_CONVERSION = YES;
				GCC_WARN_ABOUT_RETURN_TYPE = YES_ERROR;
				GCC_WARN_UNDECLARED_SELECTOR = YES;
				GCC_WARN_UNINITIALIZED_AUTOS = YES_AGGRESSIVE;
				GCC_WARN_UNUSED_FUNCTION = YES;
				GCC_WARN_UNUSED_VARIABLE = YES;
				MACOSX_DEPLOYMENT_TARGET = 11.1;
				MTL_ENABLE_DEBUG_INFO = INCLUDE_SOURCE;
				MTL_FAST_MATH = YES;
				ONLY_ACTIVE_ARCH = YES;
				SDKROOT = macosx;
				SWIFT_ACTIVE_COMPILATION_CONDITIONS = DEBUG;
				SWIFT_OPTIMIZATION_LEVEL = "-Onone";
			};
			name = Debug;
		};
		F4F881BD25D3B16B00D10A81 /* Release */ = {
			isa = XCBuildConfiguration;
			buildSettings = {
				ALWAYS_SEARCH_USER_PATHS = NO;
				CLANG_ANALYZER_NONNULL = YES;
				CLANG_ANALYZER_NUMBER_OBJECT_CONVERSION = YES_AGGRESSIVE;
				CLANG_CXX_LANGUAGE_STANDARD = "gnu++14";
				CLANG_CXX_LIBRARY = "libc++";
				CLANG_ENABLE_MODULES = YES;
				CLANG_ENABLE_OBJC_ARC = YES;
				CLANG_ENABLE_OBJC_WEAK = YES;
				CLANG_WARN_BLOCK_CAPTURE_AUTORELEASING = YES;
				CLANG_WARN_BOOL_CONVERSION = YES;
				CLANG_WARN_COMMA = YES;
				CLANG_WARN_CONSTANT_CONVERSION = YES;
				CLANG_WARN_DEPRECATED_OBJC_IMPLEMENTATIONS = YES;
				CLANG_WARN_DIRECT_OBJC_ISA_USAGE = YES_ERROR;
				CLANG_WARN_DOCUMENTATION_COMMENTS = YES;
				CLANG_WARN_EMPTY_BODY = YES;
				CLANG_WARN_ENUM_CONVERSION = YES;
				CLANG_WARN_INFINITE_RECURSION = YES;
				CLANG_WARN_INT_CONVERSION = YES;
				CLANG_WARN_NON_LITERAL_NULL_CONVERSION = YES;
				CLANG_WARN_OBJC_IMPLICIT_RETAIN_SELF = YES;
				CLANG_WARN_OBJC_LITERAL_CONVERSION = YES;
				CLANG_WARN_OBJC_ROOT_CLASS = YES_ERROR;
				CLANG_WARN_QUOTED_INCLUDE_IN_FRAMEWORK_HEADER = YES;
				CLANG_WARN_RANGE_LOOP_ANALYSIS = YES;
				CLANG_WARN_STRICT_PROTOTYPES = YES;
				CLANG_WARN_SUSPICIOUS_MOVE = YES;
				CLANG_WARN_UNGUARDED_AVAILABILITY = YES_AGGRESSIVE;
				CLANG_WARN_UNREACHABLE_CODE = YES;
				CLANG_WARN__DUPLICATE_METHOD_MATCH = YES;
				COPY_PHASE_STRIP = NO;
				DEBUG_INFORMATION_FORMAT = "dwarf-with-dsym";
				ENABLE_NS_ASSERTIONS = NO;
				ENABLE_STRICT_OBJC_MSGSEND = YES;
				GCC_C_LANGUAGE_STANDARD = gnu11;
				GCC_NO_COMMON_BLOCKS = YES;
				GCC_WARN_64_TO_32_BIT_CONVERSION = YES;
				GCC_WARN_ABOUT_RETURN_TYPE = YES_ERROR;
				GCC_WARN_UNDECLARED_SELECTOR = YES;
				GCC_WARN_UNINITIALIZED_AUTOS = YES_AGGRESSIVE;
				GCC_WARN_UNUSED_FUNCTION = YES;
				GCC_WARN_UNUSED_VARIABLE = YES;
				MACOSX_DEPLOYMENT_TARGET = 11.1;
				MTL_ENABLE_DEBUG_INFO = NO;
				MTL_FAST_MATH = YES;
				SDKROOT = macosx;
				SWIFT_COMPILATION_MODE = wholemodule;
				SWIFT_OPTIMIZATION_LEVEL = "-O";
			};
			name = Release;
		};
		F4F881BF25D3B16B00D10A81 /* Debug */ = {
			isa = XCBuildConfiguration;
			buildSettings = {
				CODE_SIGN_ENTITLEMENTS = "Q Extension/Q_Extension.entitlements";
				CODE_SIGN_STYLE = Automatic;
				INFOPLIST_FILE = "Q Extension/Info.plist";
				LD_RUNPATH_SEARCH_PATHS = (
					"$(inherited)",
					"@executable_path/../Frameworks",
					"@executable_path/../../../../Frameworks",
				);
				MACOSX_DEPLOYMENT_TARGET = 10.14;
				PRODUCT_BUNDLE_IDENTIFIER = com.yourCompany.Q.Extension;
				PRODUCT_NAME = "$(TARGET_NAME)";
				SKIP_INSTALL = YES;
				SWIFT_VERSION = 5.0;
			};
			name = Debug;
		};
		F4F881C025D3B16B00D10A81 /* Release */ = {
			isa = XCBuildConfiguration;
			buildSettings = {
				CODE_SIGN_ENTITLEMENTS = "Q Extension/Q_Extension.entitlements";
				CODE_SIGN_STYLE = Automatic;
				INFOPLIST_FILE = "Q Extension/Info.plist";
				LD_RUNPATH_SEARCH_PATHS = (
					"$(inherited)",
					"@executable_path/../Frameworks",
					"@executable_path/../../../../Frameworks",
				);
				MACOSX_DEPLOYMENT_TARGET = 10.14;
				PRODUCT_BUNDLE_IDENTIFIER = com.yourCompany.Q.Extension;
				PRODUCT_NAME = "$(TARGET_NAME)";
				SKIP_INSTALL = YES;
				SWIFT_VERSION = 5.0;
			};
			name = Release;
		};
		F4F881C325D3B16B00D10A81 /* Debug */ = {
			isa = XCBuildConfiguration;
			buildSettings = {
				ALWAYS_EMBED_SWIFT_STANDARD_LIBRARIES = YES;
				ASSETCATALOG_COMPILER_APPICON_NAME = AppIcon;
				ASSETCATALOG_COMPILER_GLOBAL_ACCENT_COLOR_NAME = AccentColor;
				CODE_SIGN_ENTITLEMENTS = Q/Q.entitlements;
				CODE_SIGN_STYLE = Automatic;
				COMBINE_HIDPI_IMAGES = YES;
				INFOPLIST_FILE = Q/Info.plist;
				LD_RUNPATH_SEARCH_PATHS = (
					"$(inherited)",
					"@executable_path/../Frameworks",
				);
				MACOSX_DEPLOYMENT_TARGET = 10.14;
				PRODUCT_BUNDLE_IDENTIFIER = com.yourCompany.Q;
				PRODUCT_NAME = "$(TARGET_NAME)";
				SWIFT_VERSION = 5.0;
			};
			name = Debug;
		};
		F4F881C425D3B16B00D10A81 /* Release */ = {
			isa = XCBuildConfiguration;
			buildSettings = {
				ALWAYS_EMBED_SWIFT_STANDARD_LIBRARIES = YES;
				ASSETCATALOG_COMPILER_APPICON_NAME = AppIcon;
				ASSETCATALOG_COMPILER_GLOBAL_ACCENT_COLOR_NAME = AccentColor;
				CODE_SIGN_ENTITLEMENTS = Q/Q.entitlements;
				CODE_SIGN_STYLE = Automatic;
				COMBINE_HIDPI_IMAGES = YES;
				INFOPLIST_FILE = Q/Info.plist;
				LD_RUNPATH_SEARCH_PATHS = (
					"$(inherited)",
					"@executable_path/../Frameworks",
				);
				MACOSX_DEPLOYMENT_TARGET = 10.14;
				PRODUCT_BUNDLE_IDENTIFIER = com.yourCompany.Q;
				PRODUCT_NAME = "$(TARGET_NAME)";
				SWIFT_VERSION = 5.0;
			};
			name = Release;
		};
/* End XCBuildConfiguration section */

/* Begin XCConfigurationList section */
		F4F8819925D3B16900D10A81 /* Build configuration list for PBXProject "Q" */ = {
			isa = XCConfigurationList;
			buildConfigurations = (
				F4F881BC25D3B16B00D10A81 /* Debug */,
				F4F881BD25D3B16B00D10A81 /* Release */,
			);
			defaultConfigurationIsVisible = 0;
			defaultConfigurationName = Release;
		};
		F4F881BE25D3B16B00D10A81 /* Build configuration list for PBXNativeTarget "Q Extension" */ = {
			isa = XCConfigurationList;
			buildConfigurations = (
				F4F881BF25D3B16B00D10A81 /* Debug */,
				F4F881C025D3B16B00D10A81 /* Release */,
			);
			defaultConfigurationIsVisible = 0;
			defaultConfigurationName = Release;
		};
		F4F881C225D3B16B00D10A81 /* Build configuration list for PBXNativeTarget "Q" */ = {
			isa = XCConfigurationList;
			buildConfigurations = (
				F4F881C325D3B16B00D10A81 /* Debug */,
				F4F881C425D3B16B00D10A81 /* Release */,
			);
			defaultConfigurationIsVisible = 0;
			defaultConfigurationName = Release;
		};
/* End XCConfigurationList section */
	};
	rootObject = F4F8819625D3B16900D10A81 /* Project object */;
}
